{
  "name": "InLocoForAppsSample",
  "version": "0.0.1",
  "lockfileVersion": 1,
  "requires": true,
  "dependencies": {
    "react-native-inlocoengage": {
      "version": "5.3.0",
      "resolved": "https://registry.npmjs.org/react-native-inlocoengage/-/react-native-inlocoengage-5.3.0.tgz",
      "integrity": "sha512-Nf/IRzSNSRngPPNr3suQ2aWnTc5H7oYhXjMdKmzrMODH6ncPiXUKs3v4DrEYsPRO0WHtd3Pn5+U/HP8nowfhtg=="
    }
  }
}
